
Microsoft Visual Studio Solution File, Format Version 12.00
# Visual Studio Version 17
VisualStudioVersion = 17.6.33801.468
MinimumVisualStudioVersion = 10.0.40219.1
Project("{FAE04EC0-301F-11D3-BF4B-00C04F79EFBC}") = "FullStack.API", "FullStack.API\FullStack.API.csproj", "{BB6081FE-548D-41AC-BDF5-50FD8FE95C6A}"
EndProject
Global
	GlobalSection(SolutionConfigurationPlatforms) = preSolution
		Debug|Any CPU = Debug|Any CPU
		Release|Any CPU = Release|Any CPU
	EndGlobalSection
	GlobalSection(ProjectConfigurationPlatforms) = postSolution
		{BB6081FE-548D-41AC-BDF5-50FD8FE95C6A}.Debug|Any CPU.ActiveCfg = Debug|Any CPU
		{BB6081FE-548D-41AC-BDF5-50FD8FE95C6A}.Debug|Any CPU.Build.0 = Debug|Any CPU
		{BB6081FE-548D-41AC-BDF5-50FD8FE95C6A}.Release|Any CPU.ActiveCfg = Release|Any CPU
		{BB6081FE-548D-41AC-BDF5-50FD8FE95C6A}.Release|Any CPU.Build.0 = Release|Any CPU
	EndGlobalSection
	GlobalSection(SolutionProperties) = preSolution
		HideSolutionNode = FALSE
	EndGlobalSection
	GlobalSection(ExtensibilityGlobals) = postSolution
		SolutionGuid = {854E3726-23D0-475D-9996-AE30CA1081C4}
	EndGlobalSection
EndGlobal
